// !$*UTF8*$!
{
	archiveVersion = 1;
	classes = {
	};
	objectVersion = 46;
	objects = {

/* Begin PBXBuildFile section */
		0E8DFF531DDE3BBF005F9CF8 /* APIManager.swift in Sources */ = {isa = PBXBuildFile; fileRef = 0E8DFF521DDE3BBF005F9CF8 /* APIManager.swift */; };
		0E8DFF561DDE531A005F9CF8 /* MapKit.framework in Frameworks */ = {isa = PBXBuildFile; fileRef = 0E8DFF551DDE531A005F9CF8 /* MapKit.framework */; };
		0EED7DFC1DDF3487002BDC91 /* Constants.swift in Sources */ = {isa = PBXBuildFile; fileRef = 0EED7DFB1DDF3487002BDC91 /* Constants.swift */; };
		0EED7DFE1DDF36A1002BDC91 /* MusicVideo.swift in Sources */ = {isa = PBXBuildFile; fileRef = 0EED7DFD1DDF36A1002BDC91 /* MusicVideo.swift */; };
		0EFC363B1DD9085100834088 /* AppDelegate.swift in Sources */ = {isa = PBXBuildFile; fileRef = 0EFC363A1DD9085100834088 /* AppDelegate.swift */; };
		0EFC363D1DD9085100834088 /* ViewController.swift in Sources */ = {isa = PBXBuildFile; fileRef = 0EFC363C1DD9085100834088 /* ViewController.swift */; };
		0EFC36401DD9085100834088 /* Main.storyboard in Resources */ = {isa = PBXBuildFile; fileRef = 0EFC363E1DD9085100834088 /* Main.storyboard */; };
		0EFC36421DD9085100834088 /* Assets.xcassets in Resources */ = {isa = PBXBuildFile; fileRef = 0EFC36411DD9085100834088 /* Assets.xcassets */; };
		0EFC36451DD9085100834088 /* LaunchScreen.storyboard in Resources */ = {isa = PBXBuildFile; fileRef = 0EFC36431DD9085100834088 /* LaunchScreen.storyboard */; };
		0EFC36501DD9085100834088 /* MusicVideoTests.swift in Sources */ = {isa = PBXBuildFile; fileRef = 0EFC364F1DD9085100834088 /* MusicVideoTests.swift */; };
		0EFC365B1DD9085100834088 /* MusicVideoUITests.swift in Sources */ = {isa = PBXBuildFile; fileRef = 0EFC365A1DD9085100834088 /* MusicVideoUITests.swift */; };
/* End PBXBuildFile section */

/* Begin PBXContainerItemProxy section */
		0EFC364C1DD9085100834088 /* PBXContainerItemProxy */ = {
			isa = PBXContainerItemProxy;
			containerPortal = 0EFC362F1DD9085000834088 /* Project object */;
			proxyType = 1;
			remoteGlobalIDString = 0EFC36361DD9085000834088;
			remoteInfo = MusicVideo;
		};
		0EFC36571DD9085100834088 /* PBXContainerItemProxy */ = {
			isa = PBXContainerItemProxy;
			containerPortal = 0EFC362F1DD9085000834088 /* Project object */;
			proxyType = 1;
			remoteGlobalIDString = 0EFC36361DD9085000834088;
			remoteInfo = MusicVideo;
		};
/* End PBXContainerItemProxy section */

/* Begin PBXFileReference section */
		0E8DFF521DDE3BBF005F9CF8 /* APIManager.swift */ = {isa = PBXFileReference; fileEncoding = 4; lastKnownFileType = sourcecode.swift; path = APIManager.swift; sourceTree = "<group>"; };
		0E8DFF551DDE531A005F9CF8 /* MapKit.framework */ = {isa = PBXFileReference; lastKnownFileType = wrapper.framework; name = MapKit.framework; path = System/Library/Frameworks/MapKit.framework; sourceTree = SDKROOT; };
		0EED7DFB1DDF3487002BDC91 /* Constants.swift */ = {isa = PBXFileReference; fileEncoding = 4; lastKnownFileType = sourcecode.swift; path = Constants.swift; sourceTree = "<group>"; };
		0EED7DFD1DDF36A1002BDC91 /* MusicVideo.swift */ = {isa = PBXFileReference; fileEncoding = 4; lastKnownFileType = sourcecode.swift; path = MusicVideo.swift; sourceTree = "<group>"; };
		0EFC36371DD9085100834088 /* MusicVideo.app */ = {isa = PBXFileReference; explicitFileType = wrapper.application; includeInIndex = 0; path = MusicVideo.app; sourceTree = BUILT_PRODUCTS_DIR; };
		0EFC363A1DD9085100834088 /* AppDelegate.swift */ = {isa = PBXFileReference; lastKnownFileType = sourcecode.swift; path = AppDelegate.swift; sourceTree = "<group>"; };
		0EFC363C1DD9085100834088 /* ViewController.swift */ = {isa = PBXFileReference; lastKnownFileType = sourcecode.swift; path = ViewController.swift; sourceTree = "<group>"; };
		0EFC363F1DD9085100834088 /* Base */ = {isa = PBXFileReference; lastKnownFileType = file.storyboard; name = Base; path = Base.lproj/Main.storyboard; sourceTree = "<group>"; };
		0EFC36411DD9085100834088 /* Assets.xcassets */ = {isa = PBXFileReference; lastKnownFileType = folder.assetcatalog; path = Assets.xcassets; sourceTree = "<group>"; };
		0EFC36441DD9085100834088 /* Base */ = {isa = PBXFileReference; lastKnownFileType = file.storyboard; name = Base; path = Base.lproj/LaunchScreen.storyboard; sourceTree = "<group>"; };
		0EFC36461DD9085100834088 /* Info.plist */ = {isa = PBXFileReference; lastKnownFileType = text.plist.xml; path = Info.plist; sourceTree = "<group>"; };
		0EFC364B1DD9085100834088 /* MusicVideoTests.xctest */ = {isa = PBXFileReference; explicitFileType = wrapper.cfbundle; includeInIndex = 0; path = MusicVideoTests.xctest; sourceTree = BUILT_PRODUCTS_DIR; };
		0EFC364F1DD9085100834088 /* MusicVideoTests.swift */ = {isa = PBXFileReference; lastKnownFileType = sourcecode.swift; path = MusicVideoTests.swift; sourceTree = "<group>"; };
		0EFC36511DD9085100834088 /* Info.plist */ = {isa = PBXFileReference; lastKnownFileType = text.plist.xml; path = Info.plist; sourceTree = "<group>"; };
		0EFC36561DD9085100834088 /* MusicVideoUITests.xctest */ = {isa = PBXFileReference; explicitFileType = wrapper.cfbundle; includeInIndex = 0; path = MusicVideoUITests.xctest; sourceTree = BUILT_PRODUCTS_DIR; };
		0EFC365A1DD9085100834088 /* MusicVideoUITests.swift */ = {isa = PBXFileReference; lastKnownFileType = sourcecode.swift; path = MusicVideoUITests.swift; sourceTree = "<group>"; };
		0EFC365C1DD9085100834088 /* Info.plist */ = {isa = PBXFileReference; lastKnownFileType = text.plist.xml; path = Info.plist; sourceTree = "<group>"; };
/* End PBXFileReference section */

/* Begin PBXFrameworksBuildPhase section */
		0EFC36341DD9085000834088 /* Frameworks */ = {
			isa = PBXFrameworksBuildPhase;
			buildActionMask = 2147483647;
			files = (
				0E8DFF561DDE531A005F9CF8 /* MapKit.framework in Frameworks */,
			);
			runOnlyForDeploymentPostprocessing = 0;
		};
		0EFC36481DD9085100834088 /* Frameworks */ = {
			isa = PBXFrameworksBuildPhase;
			buildActionMask = 2147483647;
			files = (
			);
			runOnlyForDeploymentPostprocessing = 0;
		};
		0EFC36531DD9085100834088 /* Frameworks */ = {
			isa = PBXFrameworksBuildPhase;
			buildActionMask = 2147483647;
			files = (
			);
			runOnlyForDeploymentPostprocessing = 0;
		};
/* End PBXFrameworksBuildPhase section */

/* Begin PBXGroup section */
		0E8DFF4A1DDE316B005F9CF8 /* Model */ = {
			isa = PBXGroup;
			children = (
				0EED7DFD1DDF36A1002BDC91 /* MusicVideo.swift */,
				0E8DFF521DDE3BBF005F9CF8 /* APIManager.swift */,
			);
			name = Model;
			sourceTree = "<group>";
		};
		0E8DFF4B1DDE3177005F9CF8 /* Controller */ = {
			isa = PBXGroup;
			children = (
				0EFC363C1DD9085100834088 /* ViewController.swift */,
			);
			name = Controller;
			sourceTree = "<group>";
		};
		0E8DFF4C1DDE3190005F9CF8 /* View */ = {
			isa = PBXGroup;
			children = (
				0EFC36431DD9085100834088 /* LaunchScreen.storyboard */,
				0EFC363E1DD9085100834088 /* Main.storyboard */,
			);
			name = View;
			sourceTree = "<group>";
		};
		0E8DFF4D1DDE3250005F9CF8 /* SupportingFiles */ = {
			isa = PBXGroup;
			children = (
				0EFC363A1DD9085100834088 /* AppDelegate.swift */,
				0EFC36411DD9085100834088 /* Assets.xcassets */,
				0EFC36461DD9085100834088 /* Info.plist */,
			);
			name = SupportingFiles;
			sourceTree = "<group>";
		};
		0E8DFF541DDE531A005F9CF8 /* Frameworks */ = {
			isa = PBXGroup;
			children = (
				0E8DFF551DDE531A005F9CF8 /* MapKit.framework */,
			);
			name = Frameworks;
			sourceTree = "<group>";
		};
		0EED7DFA1DDF3460002BDC91 /* Utils */ = {
			isa = PBXGroup;
			children = (
				0EED7DFB1DDF3487002BDC91 /* Constants.swift */,
			);
			name = Utils;
			sourceTree = "<group>";
		};
		0EFC362E1DD9085000834088 = {
			isa = PBXGroup;
			children = (
				0EFC36391DD9085100834088 /* MusicVideo */,
				0EFC364E1DD9085100834088 /* MusicVideoTests */,
				0EFC36591DD9085100834088 /* MusicVideoUITests */,
				0EFC36381DD9085100834088 /* Products */,
				0E8DFF541DDE531A005F9CF8 /* Frameworks */,
			);
			sourceTree = "<group>";
		};
		0EFC36381DD9085100834088 /* Products */ = {
			isa = PBXGroup;
			children = (
				0EFC36371DD9085100834088 /* MusicVideo.app */,
				0EFC364B1DD9085100834088 /* MusicVideoTests.xctest */,
				0EFC36561DD9085100834088 /* MusicVideoUITests.xctest */,
			);
			name = Products;
			sourceTree = "<group>";
		};
		0EFC36391DD9085100834088 /* MusicVideo */ = {
			isa = PBXGroup;
			children = (
				0EED7DFA1DDF3460002BDC91 /* Utils */,
				0E8DFF4D1DDE3250005F9CF8 /* SupportingFiles */,
				0E8DFF4A1DDE316B005F9CF8 /* Model */,
				0E8DFF4B1DDE3177005F9CF8 /* Controller */,
				0E8DFF4C1DDE3190005F9CF8 /* View */,
			);
			path = MusicVideo;
			sourceTree = "<group>";
		};
		0EFC364E1DD9085100834088 /* MusicVideoTests */ = {
			isa = PBXGroup;
			children = (
				0EFC364F1DD9085100834088 /* MusicVideoTests.swift */,
				0EFC36511DD9085100834088 /* Info.plist */,
			);
			path = MusicVideoTests;
			sourceTree = "<group>";
		};
		0EFC36591DD9085100834088 /* MusicVideoUITests */ = {
			isa = PBXGroup;
			children = (
				0EFC365A1DD9085100834088 /* MusicVideoUITests.swift */,
				0EFC365C1DD9085100834088 /* Info.plist */,
			);
			path = MusicVideoUITests;
			sourceTree = "<group>";
		};
/* End PBXGroup section */

/* Begin PBXNativeTarget section */
		0EFC36361DD9085000834088 /* MusicVideo */ = {
			isa = PBXNativeTarget;
			buildConfigurationList = 0EFC365F1DD9085100834088 /* Build configuration list for PBXNativeTarget "MusicVideo" */;
			buildPhases = (
				0EFC36331DD9085000834088 /* Sources */,
				0EFC36341DD9085000834088 /* Frameworks */,
				0EFC36351DD9085000834088 /* Resources */,
			);
			buildRules = (
			);
			dependencies = (
			);
			name = MusicVideo;
			productName = MusicVideo;
			productReference = 0EFC36371DD9085100834088 /* MusicVideo.app */;
			productType = "com.apple.product-type.application";
		};
		0EFC364A1DD9085100834088 /* MusicVideoTests */ = {
			isa = PBXNativeTarget;
			buildConfigurationList = 0EFC36621DD9085100834088 /* Build configuration list for PBXNativeTarget "MusicVideoTests" */;
			buildPhases = (
				0EFC36471DD9085100834088 /* Sources */,
				0EFC36481DD9085100834088 /* Frameworks */,
				0EFC36491DD9085100834088 /* Resources */,
			);
			buildRules = (
			);
			dependencies = (
				0EFC364D1DD9085100834088 /* PBXTargetDependency */,
			);
			name = MusicVideoTests;
			productName = MusicVideoTests;
			productReference = 0EFC364B1DD9085100834088 /* MusicVideoTests.xctest */;
			productType = "com.apple.product-type.bundle.unit-test";
		};
		0EFC36551DD9085100834088 /* MusicVideoUITests */ = {
			isa = PBXNativeTarget;
			buildConfigurationList = 0EFC36651DD9085100834088 /* Build configuration list for PBXNativeTarget "MusicVideoUITests" */;
			buildPhases = (
				0EFC36521DD9085100834088 /* Sources */,
				0EFC36531DD9085100834088 /* Frameworks */,
				0EFC36541DD9085100834088 /* Resources */,
			);
			buildRules = (
			);
			dependencies = (
				0EFC36581DD9085100834088 /* PBXTargetDependency */,
			);
			name = MusicVideoUITests;
			productName = MusicVideoUITests;
			productReference = 0EFC36561DD9085100834088 /* MusicVideoUITests.xctest */;
			productType = "com.apple.product-type.bundle.ui-testing";
		};
/* End PBXNativeTarget section */

/* Begin PBXProject section */
		0EFC362F1DD9085000834088 /* Project object */ = {
			isa = PBXProject;
			attributes = {
				LastSwiftUpdateCheck = 0800;
				LastUpgradeCheck = 0800;
				ORGANIZATIONNAME = "Walid Sassi";
				TargetAttributes = {
					0EFC36361DD9085000834088 = {
						CreatedOnToolsVersion = 8.0;
						DevelopmentTeam = 3X72U4HH78;
						ProvisioningStyle = Automatic;
						SystemCapabilities = {
							com.apple.BackgroundModes = {
								enabled = 1;
							};
							com.apple.Maps.iOS = {
								enabled = 1;
							};
						};
					};
					0EFC364A1DD9085100834088 = {
						CreatedOnToolsVersion = 8.0;
						DevelopmentTeam = 3X72U4HH78;
						ProvisioningStyle = Automatic;
						TestTargetID = 0EFC36361DD9085000834088;
					};
					0EFC36551DD9085100834088 = {
						CreatedOnToolsVersion = 8.0;
						DevelopmentTeam = 3X72U4HH78;
						ProvisioningStyle = Automatic;
						TestTargetID = 0EFC36361DD9085000834088;
					};
				};
			};
			buildConfigurationList = 0EFC36321DD9085000834088 /* Build configuration list for PBXProject "MusicVideo" */;
			compatibilityVersion = "Xcode 3.2";
			developmentRegion = English;
			hasScannedForEncodings = 0;
			knownRegions = (
				en,
				Base,
			);
			mainGroup = 0EFC362E1DD9085000834088;
			productRefGroup = 0EFC36381DD9085100834088 /* Products */;
			projectDirPath = "";
			projectRoot = "";
			targets = (
				0EFC36361DD9085000834088 /* MusicVideo */,
				0EFC364A1DD9085100834088 /* MusicVideoTests */,
				0EFC36551DD9085100834088 /* MusicVideoUITests */,
			);
		};
/* End PBXProject section */

/* Begin PBXResourcesBuildPhase section */
		0EFC36351DD9085000834088 /* Resources */ = {
			isa = PBXResourcesBuildPhase;
			buildActionMask = 2147483647;
			files = (
				0EFC36451DD9085100834088 /* LaunchScreen.storyboard in Resources */,
				0EFC36421DD9085100834088 /* Assets.xcassets in Resources */,
				0EFC36401DD9085100834088 /* Main.storyboard in Resources */,
			);
			runOnlyForDeploymentPostprocessing = 0;
		};
		0EFC36491DD9085100834088 /* Resources */ = {
			isa = PBXResourcesBuildPhase;
			buildActionMask = 2147483647;
			files = (
			);
			runOnlyForDeploymentPostprocessing = 0;
		};
		0EFC36541DD9085100834088 /* Resources */ = {
			isa = PBXResourcesBuildPhase;
			buildActionMask = 2147483647;
			files = (
			);
			runOnlyForDeploymentPostprocessing = 0;
		};
/* End PBXResourcesBuildPhase section */

/* Begin PBXSourcesBuildPhase section */
		0EFC36331DD9085000834088 /* Sources */ = {
			isa = PBXSourcesBuildPhase;
			buildActionMask = 2147483647;
			files = (
				0E8DFF531DDE3BBF005F9CF8 /* APIManager.swift in Sources */,
				0EFC363D1DD9085100834088 /* ViewController.swift in Sources */,
				0EED7DFE1DDF36A1002BDC91 /* MusicVideo.swift in Sources */,
				0EFC363B1DD9085100834088 /* AppDelegate.swift in Sources */,
				0EED7DFC1DDF3487002BDC91 /* Constants.swift in Sources */,
			);
			runOnlyForDeploymentPostprocessing = 0;
		};
		0EFC36471DD9085100834088 /* Sources */ = {
			isa = PBXSourcesBuildPhase;
			buildActionMask = 2147483647;
			files = (
				0EFC36501DD9085100834088 /* MusicVideoTests.swift in Sources */,
			);
			runOnlyForDeploymentPostprocessing = 0;
		};
		0EFC36521DD9085100834088 /* Sources */ = {
			isa = PBXSourcesBuildPhase;
			buildActionMask = 2147483647;
			files = (
				0EFC365B1DD9085100834088 /* MusicVideoUITests.swift in Sources */,
			);
			runOnlyForDeploymentPostprocessing = 0;
		};
/* End PBXSourcesBuildPhase section */

/* Begin PBXTargetDependency section */
		0EFC364D1DD9085100834088 /* PBXTargetDependency */ = {
			isa = PBXTargetDependency;
			target = 0EFC36361DD9085000834088 /* MusicVideo */;
			targetProxy = 0EFC364C1DD9085100834088 /* PBXContainerItemProxy */;
		};
		0EFC36581DD9085100834088 /* PBXTargetDependency */ = {
			isa = PBXTargetDependency;
			target = 0EFC36361DD9085000834088 /* MusicVideo */;
			targetProxy = 0EFC36571DD9085100834088 /* PBXContainerItemProxy */;
		};
/* End PBXTargetDependency section */

/* Begin PBXVariantGroup section */
		0EFC363E1DD9085100834088 /* Main.storyboard */ = {
			isa = PBXVariantGroup;
			children = (
				0EFC363F1DD9085100834088 /* Base */,
			);
			name = Main.storyboard;
			sourceTree = "<group>";
		};
		0EFC36431DD9085100834088 /* LaunchScreen.storyboard */ = {
			isa = PBXVariantGroup;
			children = (
				0EFC36441DD9085100834088 /* Base */,
			);
			name = LaunchScreen.storyboard;
			sourceTree = "<group>";
		};
/* End PBXVariantGroup section */

/* Begin XCBuildConfiguration section */
		0EFC365D1DD9085100834088 /* Debug */ = {
			isa = XCBuildConfiguration;
			buildSettings = {
				ALWAYS_SEARCH_USER_PATHS = NO;
				CLANG_ANALYZER_NONNULL = YES;
				CLANG_CXX_LANGUAGE_STANDARD = "gnu++0x";
				CLANG_CXX_LIBRARY = "libc++";
				CLANG_ENABLE_MODULES = YES;
				CLANG_ENABLE_OBJC_ARC = YES;
				CLANG_WARN_BOOL_CONVERSION = YES;
				CLANG_WARN_CONSTANT_CONVERSION = YES;
				CLANG_WARN_DIRECT_OBJC_ISA_USAGE = YES_ERROR;
				CLANG_WARN_DOCUMENTATION_COMMENTS = YES;
				CLANG_WARN_EMPTY_BODY = YES;
				CLANG_WARN_ENUM_CONVERSION = YES;
				CLANG_WARN_INFINITE_RECURSION = YES;
				CLANG_WARN_INT_CONVERSION = YES;
				CLANG_WARN_OBJC_ROOT_CLASS = YES_ERROR;
				CLANG_WARN_SUSPICIOUS_MOVES = YES;
				CLANG_WARN_UNREACHABLE_CODE = YES;
				CLANG_WARN__DUPLICATE_METHOD_MATCH = YES;
				"CODE_SIGN_IDENTITY[sdk=iphoneos*]" = "iPhone Developer";
				COPY_PHASE_STRIP = NO;
				DEBUG_INFORMATION_FORMAT = dwarf;
				ENABLE_STRICT_OBJC_MSGSEND = YES;
				ENABLE_TESTABILITY = YES;
				GCC_C_LANGUAGE_STANDARD = gnu99;
				GCC_DYNAMIC_NO_PIC = NO;
				GCC_NO_COMMON_BLOCKS = YES;
				GCC_OPTIMIZATION_LEVEL = 0;
				GCC_PREPROCESSOR_DEFINITIONS = (
					"DEBUG=1",
					"$(inherited)",
				);
				GCC_WARN_64_TO_32_BIT_CONVERSION = YES;
				GCC_WARN_ABOUT_RETURN_TYPE = YES_ERROR;
				GCC_WARN_UNDECLARED_SELECTOR = YES;
				GCC_WARN_UNINITIALIZED_AUTOS = YES_AGGRESSIVE;
				GCC_WARN_UNUSED_FUNCTION = YES;
				GCC_WARN_UNUSED_VARIABLE = YES;
				IPHONEOS_DEPLOYMENT_TARGET = 10.0;
				MTL_ENABLE_DEBUG_INFO = YES;
				ONLY_ACTIVE_ARCH = YES;
				SDKROOT = iphoneos;
				SWIFT_ACTIVE_COMPILATION_CONDITIONS = DEBUG;
				SWIFT_OPTIMIZATION_LEVEL = "-Onone";
				TARGETED_DEVICE_FAMILY = "1,2";
			};
			name = Debug;
		};
		0EFC365E1DD9085100834088 /* Release */ = {
			isa = XCBuildConfiguration;
			buildSettings = {
				ALWAYS_SEARCH_USER_PATHS = NO;
				CLANG_ANALYZER_NONNULL = YES;
				CLANG_CXX_LANGUAGE_STANDARD = "gnu++0x";
				CLANG_CXX_LIBRARY = "libc++";
				CLANG_ENABLE_MODULES = YES;
				CLANG_ENABLE_OBJC_ARC = YES;
				CLANG_WARN_BOOL_CONVERSION = YES;
				CLANG_WARN_CONSTANT_CONVERSION = YES;
				CLANG_WARN_DIRECT_OBJC_ISA_USAGE = YES_ERROR;
				CLANG_WARN_DOCUMENTATION_COMMENTS = YES;
				CLANG_WARN_EMPTY_BODY = YES;
				CLANG_WARN_ENUM_CONVERSION = YES;
				CLANG_WARN_INFINITE_RECURSION = YES;
				CLANG_WARN_INT_CONVERSION = YES;
				CLANG_WARN_OBJC_ROOT_CLASS = YES_ERROR;
				CLANG_WARN_SUSPICIOUS_MOVES = YES;
				CLANG_WARN_UNREACHABLE_CODE = YES;
				CLANG_WARN__DUPLICATE_METHOD_MATCH = YES;
				"CODE_SIGN_IDENTITY[sdk=iphoneos*]" = "iPhone Developer";
				COPY_PHASE_STRIP = NO;
				DEBUG_INFORMATION_FORMAT = "dwarf-with-dsym";
				ENABLE_NS_ASSERTIONS = NO;
				ENABLE_STRICT_OBJC_MSGSEND = YES;
				GCC_C_LANGUAGE_STANDARD = gnu99;
				GCC_NO_COMMON_BLOCKS = YES;
				GCC_WARN_64_TO_32_BIT_CONVERSION = YES;
				GCC_WARN_ABOUT_RETURN_TYPE = YES_ERROR;
				GCC_WARN_UNDECLARED_SELECTOR = YES;
				GCC_WARN_UNINITIALIZED_AUTOS = YES_AGGRESSIVE;
				GCC_WARN_UNUSED_FUNCTION = YES;
				GCC_WARN_UNUSED_VARIABLE = YES;
				IPHONEOS_DEPLOYMENT_TARGET = 10.0;
				MTL_ENABLE_DEBUG_INFO = NO;
				SDKROOT = iphoneos;
				SWIFT_OPTIMIZATION_LEVEL = "-Owholemodule";
				TARGETED_DEVICE_FAMILY = "1,2";
				VALIDATE_PRODUCT = YES;
			};
			name = Release;
		};
		0EFC36601DD9085100834088 /* Debug */ = {
			isa = XCBuildConfiguration;
			buildSettings = {
				ASSETCATALOG_COMPILER_APPICON_NAME = AppIcon;
				DEVELOPMENT_TEAM = 3X72U4HH78;
				INFOPLIST_FILE = MusicVideo/Info.plist;
				LD_RUNPATH_SEARCH_PATHS = "$(inherited) @executable_path/Frameworks";
				PRODUCT_BUNDLE_IDENTIFIER = "com-softs4mobiles.com.MusicVideo";
				PRODUCT_NAME = "$(TARGET_NAME)";
				SWIFT_VERSION = 2.3;
			};
			name = Debug;
		};
		0EFC36611DD9085100834088 /* Release */ = {
			isa = XCBuildConfiguration;
			buildSettings = {
				ASSETCATALOG_COMPILER_APPICON_NAME = AppIcon;
				DEVELOPMENT_TEAM = 3X72U4HH78;
				INFOPLIST_FILE = MusicVideo/Info.plist;
				LD_RUNPATH_SEARCH_PATHS = "$(inherited) @executable_path/Frameworks";
				PRODUCT_BUNDLE_IDENTIFIER = "com-softs4mobiles.com.MusicVideo";
				PRODUCT_NAME = "$(TARGET_NAME)";
				SWIFT_VERSION = 2.3;
			};
			name = Release;
		};
		0EFC36631DD9085100834088 /* Debug */ = {
			isa = XCBuildConfiguration;
			buildSettings = {
				ALWAYS_EMBED_SWIFT_STANDARD_LIBRARIES = YES;
				BUNDLE_LOADER = "$(TEST_HOST)";
				DEVELOPMENT_TEAM = 3X72U4HH78;
				INFOPLIST_FILE = MusicVideoTests/Info.plist;
				LD_RUNPATH_SEARCH_PATHS = "$(inherited) @executable_path/Frameworks @loader_path/Frameworks";
				PRODUCT_BUNDLE_IDENTIFIER = "com-softs4mobiles.com.MusicVideoTests";
				PRODUCT_NAME = "$(TARGET_NAME)";
				SWIFT_VERSION = 3.0;
				TEST_HOST = "$(BUILT_PRODUCTS_DIR)/MusicVideo.app/MusicVideo";
			};
			name = Debug;
		};
		0EFC36641DD9085100834088 /* Release */ = {
			isa = XCBuildConfiguration;
			buildSettings = {
				ALWAYS_EMBED_SWIFT_STANDARD_LIBRARIES = YES;
				BUNDLE_LOADER = "$(TEST_HOST)";
				DEVELOPMENT_TEAM = 3X72U4HH78;
				INFOPLIST_FILE = MusicVideoTests/Info.plist;
				LD_RUNPATH_SEARCH_PATHS = "$(inherited) @executable_path/Frameworks @loader_path/Frameworks";
				PRODUCT_BUNDLE_IDENTIFIER = "com-softs4mobiles.com.MusicVideoTests";
				PRODUCT_NAME = "$(TARGET_NAME)";
				SWIFT_VERSION = 3.0;
				TEST_HOST = "$(BUILT_PRODUCTS_DIR)/MusicVideo.app/MusicVideo";
			};
			name = Release;
		};
		0EFC36661DD9085100834088 /* Debug */ = {
			isa = XCBuildConfiguration;
			buildSettings = {
				ALWAYS_EMBED_SWIFT_STANDARD_LIBRARIES = YES;
				DEVELOPMENT_TEAM = 3X72U4HH78;
				INFOPLIST_FILE = MusicVideoUITests/Info.plist;
				LD_RUNPATH_SEARCH_PATHS = "$(inherited) @executable_path/Frameworks @loader_path/Frameworks";
				PRODUCT_BUNDLE_IDENTIFIER = "com-softs4mobiles.com.MusicVideoUITests";
				PRODUCT_NAME = "$(TARGET_NAME)";
				SWIFT_VERSION = 3.0;
				TEST_TARGET_NAME = MusicVideo;
			};
			name = Debug;
		};
		0EFC36671DD9085100834088 /* Release */ = {
			isa = XCBuildConfiguration;
			buildSettings = {
				ALWAYS_EMBED_SWIFT_STANDARD_LIBRARIES = YES;
				DEVELOPMENT_TEAM = 3X72U4HH78;
				INFOPLIST_FILE = MusicVideoUITests/Info.plist;
				LD_RUNPATH_SEARCH_PATHS = "$(inherited) @executable_path/Frameworks @loader_path/Frameworks";
				PRODUCT_BUNDLE_IDENTIFIER = "com-softs4mobiles.com.MusicVideoUITests";
				PRODUCT_NAME = "$(TARGET_NAME)";
				SWIFT_VERSION = 3.0;
				TEST_TARGET_NAME = MusicVideo;
			};
			name = Release;
		};
/* End XCBuildConfiguration section */

/* Begin XCConfigurationList section */
		0EFC36321DD9085000834088 /* Build configuration list for PBXProject "MusicVideo" */ = {
			isa = XCConfigurationList;
			buildConfigurations = (
				0EFC365D1DD9085100834088 /* Debug */,
				0EFC365E1DD9085100834088 /* Release */,
			);
			defaultConfigurationIsVisible = 0;
			defaultConfigurationName = Release;
		};
		0EFC365F1DD9085100834088 /* Build configuration list for PBXNativeTarget "MusicVideo" */ = {
			isa = XCConfigurationList;
			buildConfigurations = (
				0EFC36601DD9085100834088 /* Debug */,
				0EFC36611DD9085100834088 /* Release */,
			);
			defaultConfigurationIsVisible = 0;
			defaultConfigurationName = Release;
		};
		0EFC36621DD9085100834088 /* Build configuration list for PBXNativeTarget "MusicVideoTests" */ = {
			isa = XCConfigurationList;
			buildConfigurations = (
				0EFC36631DD9085100834088 /* Debug */,
				0EFC36641DD9085100834088 /* Release */,
			);
			defaultConfigurationIsVisible = 0;
			defaultConfigurationName = Release;
		};
		0EFC36651DD9085100834088 /* Build configuration list for PBXNativeTarget "MusicVideoUITests" */ = {
			isa = XCConfigurationList;
			buildConfigurations = (
				0EFC36661DD9085100834088 /* Debug */,
				0EFC36671DD9085100834088 /* Release */,
			);
			defaultConfigurationIsVisible = 0;
			defaultConfigurationName = Release;
		};
/* End XCConfigurationList section */
	};
	rootObject = 0EFC362F1DD9085000834088 /* Project object */;
}
